<?xml version="1.0" encoding="utf-8"?>
<Project ToolsVersion="4.0" xmlns="http://schemas.microsoft.com/developer/msbuild/2003">
  <ItemGroup>
    <Filter Include="Source Files">
      <UniqueIdentifier>{4FC737F1-C7A5-4376-A066-2A32D752A2FF}</UniqueIdentifier>
      <Extensions>cpp;c;cc;cxx;c++;cppm;ixx;def;odl;idl;hpj;bat;asm;asmx</Extensions>
    </Filter>
    <Filter Include="Header Files">
      <UniqueIdentifier>{93995380-89BD-4b04-88EB-625FBE52EBFB}</UniqueIdentifier>
      <Extensions>h;hh;hpp;hxx;h++;hm;inl;inc;ipp;xsd</Extensions>
    </Filter>
    <Filter Include="Resource Files">
      <UniqueIdentifier>{67DA6AB6-F800-4c08-8B7A-83BB121AAD01}</UniqueIdentifier>
      <Extensions>rc;ico;cur;bmp;dlg;rc2;rct;bin;rgs;gif;jpg;jpeg;jpe;resx;tiff;tif;png;wav;mfcribbon-ms</Extensions>
    </Filter>
    <Filter Include="AutoCloseSocket">
      <UniqueIdentifier>{8310d5c3-c16e-414f-84b7-ab04e883ce1b}</UniqueIdentifier>
    </Filter>
    <Filter Include="VideoChatClientException">
      <UniqueIdentifier>{d89f7709-dfab-49e5-b459-ce9be291f9eb}</UniqueIdentifier>
    </Filter>
    <Filter Include="AutoInitWinSock">
      <UniqueIdentifier>{ba1f7d4b-fc7b-41eb-917d-97f510dbb0e1}</UniqueIdentifier>
    </Filter>
    <Filter Include="Socket">
      <UniqueIdentifier>{781a4f8f-02bc-49cc-88d3-19d378c5e403}</UniqueIdentifier>
    </Filter>
    <Filter Include="Input">
      <UniqueIdentifier>{16ac5151-ec9b-4a87-85b4-5af73da6a840}</UniqueIdentifier>
    </Filter>
    <Filter Include="Common">
      <UniqueIdentifier>{7f8e4fd8-8977-467f-a55f-9dfa4f74bcba}</UniqueIdentifier>
    </Filter>
    <Filter Include="Output">
      <UniqueIdentifier>{14f9fe7a-fca4-4146-92a4-8f1844d0d6b1}</UniqueIdentifier>
    </Filter>
  </ItemGroup>
  <ItemGroup>
    <ClCompile Include="Main.cpp">
      <Filter>Source Files</Filter>
    </ClCompile>
    <ClCompile Include="AutoCloseSocket\AutoCloseSocket.cpp">
      <Filter>AutoCloseSocket</Filter>
    </ClCompile>
    <ClCompile Include="AutoInitWinSock\AutoInitWinSock.cpp">
      <Filter>AutoInitWinSock</Filter>
    </ClCompile>
    <ClCompile Include="Socket\Socket.cpp">
      <Filter>Socket</Filter>
    </ClCompile>
    <ClCompile Include="Input\ImageInput.cpp">
      <Filter>Input</Filter>
    </ClCompile>
    <ClCompile Include="Input\TextInput.cpp">
      <Filter>Input</Filter>
    </ClCompile>
    <ClCompile Include="Output\ImageOutput.cpp">
      <Filter>Output</Filter>
    </ClCompile>
    <ClCompile Include="Output\TextOutput.cpp">
      <Filter>Output</Filter>
    </ClCompile>
    <ClCompile Include="Input\AudioInput.cpp">
      <Filter>Input</Filter>
    </ClCompile>
    <ClCompile Include="Output\AudioOutput.cpp">
      <Filter>Output</Filter>
    </ClCompile>
  </ItemGroup>
  <ItemGroup>
    <ClInclude Include="AutoCloseSocket\AutoCloseSocket.hpp">
      <Filter>AutoCloseSocket</Filter>
    </ClInclude>
    <ClInclude Include="VideoChatClientException\VideoChatClientException.hpp">
      <Filter>VideoChatClientException</Filter>
    </ClInclude>
    <ClInclude Include="VideoChatClientException\VideoChatClientStatus.hpp">
      <Filter>VideoChatClientException</Filter>
    </ClInclude>
    <ClInclude Include="AutoInitWinSock\AutoInitWinSock.hpp">
      <Filter>AutoInitWinSock</Filter>
    </ClInclude>
    <ClInclude Include="Socket\Socket.hpp">
      <Filter>Socket</Filter>
    </ClInclude>
    <ClInclude Include="Input\IInput.hpp">
      <Filter>Input</Filter>
    </ClInclude>
    <ClInclude Include="Input\ImageInput.hpp">
      <Filter>Input</Filter>
    </ClInclude>
    <ClInclude Include="Input\TextInput.hpp">
      <Filter>Input</Filter>
    </ClInclude>
    <ClInclude Include="Common\Common.hpp">
      <Filter>Common</Filter>
    </ClInclude>
    <ClInclude Include="Output\ImageOutput.hpp">
      <Filter>Output</Filter>
    </ClInclude>
    <ClInclude Include="Output\IOutput.hpp">
      <Filter>Output</Filter>
    </ClInclude>
    <ClInclude Include="Output\TextOutput.hpp">
      <Filter>Output</Filter>
    </ClInclude>
    <ClInclude Include="Input\AudioInput.hpp">
      <Filter>Input</Filter>
    </ClInclude>
    <ClInclude Include="Output\AudioOutput.hpp">
      <Filter>Output</Filter>
    </ClInclude>
  </ItemGroup>
</Project>