<?xml version="1.0" encoding="utf-8"?>
<Project ToolsVersion="4.0" xmlns="http://schemas.microsoft.com/developer/msbuild/2003">
  <ItemGroup>
    <Filter Include="Source Files">
      <UniqueIdentifier>{4FC737F1-C7A5-4376-A066-2A32D752A2FF}</UniqueIdentifier>
      <Extensions>cpp;c;cc;cxx;c++;cppm;ixx;def;odl;idl;hpj;bat;asm;asmx</Extensions>
    </Filter>
    <Filter Include="Header Files">
      <UniqueIdentifier>{93995380-89BD-4b04-88EB-625FBE52EBFB}</UniqueIdentifier>
      <Extensions>h;hh;hpp;hxx;h++;hm;inl;inc;ipp;xsd</Extensions>
    </Filter>
    <Filter Include="Resource Files">
      <UniqueIdentifier>{67DA6AB6-F800-4c08-8B7A-83BB121AAD01}</UniqueIdentifier>
      <Extensions>rc;ico;cur;bmp;dlg;rc2;rct;bin;rgs;gif;jpg;jpeg;jpe;resx;tiff;tif;png;wav;mfcribbon-ms</Extensions>
    </Filter>
    <Filter Include="AutoCloseSocket">
      <UniqueIdentifier>{8310d5c3-c16e-414f-84b7-ab04e883ce1b}</UniqueIdentifier>
    </Filter>
    <Filter Include="VideoChatClientException">
      <UniqueIdentifier>{d89f7709-dfab-49e5-b459-ce9be291f9eb}</UniqueIdentifier>
    </Filter>
    <Filter Include="AutoInitWinSock">
      <UniqueIdentifier>{ba1f7d4b-fc7b-41eb-917d-97f510dbb0e1}</UniqueIdentifier>
    </Filter>
  </ItemGroup>
  <ItemGroup>
    <ClCompile Include="Main.cpp">
      <Filter>Source Files</Filter>
    </ClCompile>
    <ClCompile Include="AutoCloseSocket\AutoCloseSocket.cpp">
      <Filter>AutoCloseSocket</Filter>
    </ClCompile>
    <ClCompile Include="AutoInitWinSock\AutoInitWinSock.cpp">
      <Filter>AutoInitWinSock</Filter>
    </ClCompile>
  </ItemGroup>
  <ItemGroup>
    <ClInclude Include="AutoCloseSocket\AutoCloseSocket.hpp">
      <Filter>AutoCloseSocket</Filter>
    </ClInclude>
    <ClInclude Include="VideoChatClientException\VideoChatClientException.hpp">
      <Filter>VideoChatClientException</Filter>
    </ClInclude>
    <ClInclude Include="VideoChatClientException\VideoChatClientStatus.hpp">
      <Filter>VideoChatClientException</Filter>
    </ClInclude>
    <ClInclude Include="AutoInitWinSock\AutoInitWinSock.hpp">
      <Filter>AutoInitWinSock</Filter>
    </ClInclude>
  </ItemGroup>
</Project>